
Microsoft Visual Studio Solution File, Format Version 12.00
# Visual Studio Version 17
VisualStudioVersion = 17.10.35027.167
MinimumVisualStudioVersion = 10.0.40219.1
Project("{9A19103F-16F7-4668-BE54-9A1E7A4F7556}") = "Memento Pattern", "Memento Pattern\Memento Pattern.csproj", "{A5E93248-C430-4875-BE58-5668F3317943}"
EndProject
Project("{9A19103F-16F7-4668-BE54-9A1E7A4F7556}") = "Memento Exercises", "Memento Exercises\Memento Exercises.csproj", "{41903099-80B6-4206-83AC-CCB45CB0FC99}"
EndProject
Project("{FAE04EC0-301F-11D3-BF4B-00C04F79EFBC}") = "State", "State\State.csproj", "{8C0A3222-5A32-4331-8A59-1D834DC1285D}"
EndProject
Project("{FAE04EC0-301F-11D3-BF4B-00C04F79EFBC}") = "Iterator", "Iterator\Iterator.csproj", "{E9562EE1-971E-4334-B30F-81B5E4EC30E2}"
EndProject
Global
	GlobalSection(SolutionConfigurationPlatforms) = preSolution
		Debug|Any CPU = Debug|Any CPU
		Release|Any CPU = Release|Any CPU
	EndGlobalSection
	GlobalSection(ProjectConfigurationPlatforms) = postSolution
		{A5E93248-C430-4875-BE58-5668F3317943}.Debug|Any CPU.ActiveCfg = Debug|Any CPU
		{A5E93248-C430-4875-BE58-5668F3317943}.Debug|Any CPU.Build.0 = Debug|Any CPU
		{A5E93248-C430-4875-BE58-5668F3317943}.Release|Any CPU.ActiveCfg = Release|Any CPU
		{A5E93248-C430-4875-BE58-5668F3317943}.Release|Any CPU.Build.0 = Release|Any CPU
		{41903099-80B6-4206-83AC-CCB45CB0FC99}.Debug|Any CPU.ActiveCfg = Debug|Any CPU
		{41903099-80B6-4206-83AC-CCB45CB0FC99}.Debug|Any CPU.Build.0 = Debug|Any CPU
		{41903099-80B6-4206-83AC-CCB45CB0FC99}.Release|Any CPU.ActiveCfg = Release|Any CPU
		{41903099-80B6-4206-83AC-CCB45CB0FC99}.Release|Any CPU.Build.0 = Release|Any CPU
		{8C0A3222-5A32-4331-8A59-1D834DC1285D}.Debug|Any CPU.ActiveCfg = Debug|Any CPU
		{8C0A3222-5A32-4331-8A59-1D834DC1285D}.Debug|Any CPU.Build.0 = Debug|Any CPU
		{8C0A3222-5A32-4331-8A59-1D834DC1285D}.Release|Any CPU.ActiveCfg = Release|Any CPU
		{8C0A3222-5A32-4331-8A59-1D834DC1285D}.Release|Any CPU.Build.0 = Release|Any CPU
		{E9562EE1-971E-4334-B30F-81B5E4EC30E2}.Debug|Any CPU.ActiveCfg = Debug|Any CPU
		{E9562EE1-971E-4334-B30F-81B5E4EC30E2}.Debug|Any CPU.Build.0 = Debug|Any CPU
		{E9562EE1-971E-4334-B30F-81B5E4EC30E2}.Release|Any CPU.ActiveCfg = Release|Any CPU
		{E9562EE1-971E-4334-B30F-81B5E4EC30E2}.Release|Any CPU.Build.0 = Release|Any CPU
	EndGlobalSection
	GlobalSection(SolutionProperties) = preSolution
		HideSolutionNode = FALSE
	EndGlobalSection
	GlobalSection(ExtensibilityGlobals) = postSolution
		SolutionGuid = {05897AEE-CABB-49B9-8CF4-7CB25454D735}
	EndGlobalSection
EndGlobal
